{
  "version": 4,
  "terraform_version": "1.10.4",
  "serial": 7,
  "lineage": "1ecfe726-e959-6430-b25d-d3efb789cf4a",
  "outputs": {},
  "resources": [
    {
      "module": "module.setup_service_account",
      "mode": "managed",
      "type": "google_project_iam_member",
      "name": "artifact_registry_access",
      "provider": "module.setup_service_account.provider[\"registry.terraform.io/hashicorp/google\"]",
      "instances": [
        {
          "schema_version": 0,
          "attributes": {
            "condition": [],
            "etag": "BwYr/nGUCRA=",
            "id": "coffee-419716/roles/artifactregistry.reader/serviceAccount:sample-api-sa@coffee-419716.iam.gserviceaccount.com",
            "member": "serviceAccount:sample-api-sa@coffee-419716.iam.gserviceaccount.com",
            "project": "coffee-419716",
            "role": "roles/artifactregistry.reader"
          },
          "sensitive_attributes": [],
          "private": "bnVsbA==",
          "dependencies": [
            "module.setup_service_account.google_service_account.create_sa"
          ]
        }
      ]
    },
    {
      "module": "module.setup_service_account",
      "mode": "managed",
      "type": "google_project_iam_member",
      "name": "cloud_build_access",
      "provider": "module.setup_service_account.provider[\"registry.terraform.io/hashicorp/google\"]",
      "instances": [
        {
          "schema_version": 0,
          "attributes": {
            "condition": [],
            "etag": "BwYr/nGUCRA=",
            "id": "coffee-419716/roles/cloudbuild.builds.builder/serviceAccount:sample-api-sa@coffee-419716.iam.gserviceaccount.com",
            "member": "serviceAccount:sample-api-sa@coffee-419716.iam.gserviceaccount.com",
            "project": "coffee-419716",
            "role": "roles/cloudbuild.builds.builder"
          },
          "sensitive_attributes": [],
          "private": "bnVsbA==",
          "dependencies": [
            "module.setup_service_account.google_service_account.create_sa"
          ]
        }
      ]
    },
    {
      "module": "module.setup_service_account",
      "mode": "managed",
      "type": "google_project_iam_member",
      "name": "cloud_run_access",
      "provider": "module.setup_service_account.provider[\"registry.terraform.io/hashicorp/google\"]",
      "instances": [
        {
          "schema_version": 0,
          "attributes": {
            "condition": [],
            "etag": "BwYr/nGUCRA=",
            "id": "coffee-419716/roles/run.admin/serviceAccount:sample-api-sa@coffee-419716.iam.gserviceaccount.com",
            "member": "serviceAccount:sample-api-sa@coffee-419716.iam.gserviceaccount.com",
            "project": "coffee-419716",
            "role": "roles/run.admin"
          },
          "sensitive_attributes": [],
          "private": "bnVsbA==",
          "dependencies": [
            "module.setup_service_account.google_service_account.create_sa"
          ]
        }
      ]
    },
    {
      "module": "module.setup_service_account",
      "mode": "managed",
      "type": "google_project_iam_member",
      "name": "cloud_storage_access",
      "provider": "module.setup_service_account.provider[\"registry.terraform.io/hashicorp/google\"]",
      "instances": [
        {
          "schema_version": 0,
          "attributes": {
            "condition": [],
            "etag": "BwYr/nGUCRA=",
            "id": "coffee-419716/roles/storage.objectUser/serviceAccount:sample-api-sa@coffee-419716.iam.gserviceaccount.com",
            "member": "serviceAccount:sample-api-sa@coffee-419716.iam.gserviceaccount.com",
            "project": "coffee-419716",
            "role": "roles/storage.objectUser"
          },
          "sensitive_attributes": [],
          "private": "bnVsbA==",
          "dependencies": [
            "module.setup_service_account.google_service_account.create_sa"
          ]
        }
      ]
    },
    {
      "module": "module.setup_service_account",
      "mode": "managed",
      "type": "google_service_account",
      "name": "create_sa",
      "provider": "module.setup_service_account.provider[\"registry.terraform.io/hashicorp/google\"]",
      "instances": [
        {
          "schema_version": 0,
          "attributes": {
            "account_id": "sample-api-sa",
            "create_ignore_already_exists": null,
            "description": "",
            "disabled": false,
            "display_name": "api-runner",
            "email": "sample-api-sa@coffee-419716.iam.gserviceaccount.com",
            "id": "projects/coffee-419716/serviceAccounts/sample-api-sa@coffee-419716.iam.gserviceaccount.com",
            "member": "serviceAccount:sample-api-sa@coffee-419716.iam.gserviceaccount.com",
            "name": "projects/coffee-419716/serviceAccounts/sample-api-sa@coffee-419716.iam.gserviceaccount.com",
            "project": "coffee-419716",
            "timeouts": null,
            "unique_id": "109408183025972482887"
          },
          "sensitive_attributes": [],
          "private": "eyJlMmJmYjczMC1lY2FhLTExZTYtOGY4OC0zNDM2M2JjN2M0YzAiOnsiY3JlYXRlIjozMDAwMDAwMDAwMDB9fQ=="
        }
      ]
    }
  ],
  "check_results": null
}
